
Microsoft Visual Studio Solution File, Format Version 12.00
# Visual Studio Version 17
VisualStudioVersion = 17.4.33213.308
MinimumVisualStudioVersion = 10.0.40219.1
Project("{9A19103F-16F7-4668-BE54-9A1E7A4F7556}") = "Ltc.API", "Ltc.API\Ltc.API.csproj", "{53A5C7F9-4C3B-4D45-9BBA-831825E09A5E}"
EndProject
Project("{9A19103F-16F7-4668-BE54-9A1E7A4F7556}") = "Ltc.UnitTests", "Ltc.UnitTests\Ltc.UnitTests.csproj", "{5101FDA5-5AEF-4CD4-95E1-9DAEA04E3064}"
EndProject
Project("{FAE04EC0-301F-11D3-BF4B-00C04F79EFBC}") = "Ltc.IntegrationTests", "Ltc.IntegrationTests\Ltc.IntegrationTests.csproj", "{70FAC2E8-DB99-42E8-AFFE-AC7C031C3B0C}"
EndProject
Global
	GlobalSection(SolutionConfigurationPlatforms) = preSolution
		Debug|Any CPU = Debug|Any CPU
		Release|Any CPU = Release|Any CPU
	EndGlobalSection
	GlobalSection(ProjectConfigurationPlatforms) = postSolution
		{53A5C7F9-4C3B-4D45-9BBA-831825E09A5E}.Debug|Any CPU.ActiveCfg = Debug|Any CPU
		{53A5C7F9-4C3B-4D45-9BBA-831825E09A5E}.Debug|Any CPU.Build.0 = Debug|Any CPU
		{53A5C7F9-4C3B-4D45-9BBA-831825E09A5E}.Release|Any CPU.ActiveCfg = Release|Any CPU
		{53A5C7F9-4C3B-4D45-9BBA-831825E09A5E}.Release|Any CPU.Build.0 = Release|Any CPU
		{5101FDA5-5AEF-4CD4-95E1-9DAEA04E3064}.Debug|Any CPU.ActiveCfg = Debug|Any CPU
		{5101FDA5-5AEF-4CD4-95E1-9DAEA04E3064}.Debug|Any CPU.Build.0 = Debug|Any CPU
		{5101FDA5-5AEF-4CD4-95E1-9DAEA04E3064}.Release|Any CPU.ActiveCfg = Release|Any CPU
		{5101FDA5-5AEF-4CD4-95E1-9DAEA04E3064}.Release|Any CPU.Build.0 = Release|Any CPU
		{70FAC2E8-DB99-42E8-AFFE-AC7C031C3B0C}.Debug|Any CPU.ActiveCfg = Debug|Any CPU
		{70FAC2E8-DB99-42E8-AFFE-AC7C031C3B0C}.Debug|Any CPU.Build.0 = Debug|Any CPU
		{70FAC2E8-DB99-42E8-AFFE-AC7C031C3B0C}.Release|Any CPU.ActiveCfg = Release|Any CPU
		{70FAC2E8-DB99-42E8-AFFE-AC7C031C3B0C}.Release|Any CPU.Build.0 = Release|Any CPU
	EndGlobalSection
	GlobalSection(SolutionProperties) = preSolution
		HideSolutionNode = FALSE
	EndGlobalSection
	GlobalSection(ExtensibilityGlobals) = postSolution
		SolutionGuid = {3388B13A-C845-447F-A5E8-3654530471BB}
	EndGlobalSection
EndGlobal
